Microsoft Visual Studio Solution File, Format Version 12.00
# Visual Studio Version 17
VisualStudioVersion = 17.13.35818.85
MinimumVisualStudioVersion = 10.0.40219.1
Project("{FAE04EC0-301F-11D3-BF4B-00C04F79EFBC}") = "SnackHub", "SnackHub.csproj", "{355439F5-3060-4A41-8522-79C57CC358CB}"
EndProject
Global
	GlobalSection(SolutionConfigurationPlatforms) = preSolution
		Debug|Any CPU = Debug|Any CPU
		Release|Any CPU = Release|Any CPU
	EndGlobalSection
	GlobalSection(ProjectConfigurationPlatforms) = postSolution
		{355439F5-3060-4A41-8522-79C57CC358CB}.Debug|Any CPU.ActiveCfg = Debug|Any CPU
		{355439F5-3060-4A41-8522-79C57CC358CB}.Debug|Any CPU.Build.0 = Debug|Any CPU
		{355439F5-3060-4A41-8522-79C57CC358CB}.Release|Any CPU.ActiveCfg = Release|Any CPU
		{355439F5-3060-4A41-8522-79C57CC358CB}.Release|Any CPU.Build.0 = Release|Any CPU
	EndGlobalSection
	GlobalSection(SolutionProperties) = preSolution
		HideSolutionNode = FALSE
	EndGlobalSection
	GlobalSection(ExtensibilityGlobals) = postSolution
		SolutionGuid = {132D775F-9DC9-4255-AC20-7E929D244A84}
	EndGlobalSection
EndGlobal
